// !$*UTF8*$!
{
	archiveVersion = 1;
	classes = {
	};
	objectVersion = 46;
	objects = {

/* Begin PBXAggregateTarget section */
		"CorrelationVector::CorrelationVectorPackageTests::ProductTarget" /* CorrelationVectorPackageTests */ = {
			isa = PBXAggregateTarget;
			buildConfigurationList = OBJ_71 /* Build configuration list for PBXAggregateTarget "CorrelationVectorPackageTests" */;
			buildPhases = (
			);
			dependencies = (
				OBJ_74 /* PBXTargetDependency */,
			);
			name = CorrelationVectorPackageTests;
			productName = CorrelationVectorPackageTests;
		};
/* End PBXAggregateTarget section */

/* Begin PBXBuildFile section */
		C28C769A22CE177C003E574F /* AtomicHelper.h in Headers */ = {isa = PBXBuildFile; fileRef = OBJ_24 /* AtomicHelper.h */; settings = {ATTRIBUTES = (Public, ); }; };
		OBJ_44 /* CorrelationVector.swift in Sources */ = {isa = PBXBuildFile; fileRef = OBJ_11 /* CorrelationVector.swift */; };
		OBJ_45 /* CorrelationVectorBase.swift in Sources */ = {isa = PBXBuildFile; fileRef = OBJ_12 /* CorrelationVectorBase.swift */; };
		OBJ_46 /* CorrelationVectorError.swift in Sources */ = {isa = PBXBuildFile; fileRef = OBJ_13 /* CorrelationVectorError.swift */; };
		OBJ_47 /* CorrelationVectorExtensions.swift in Sources */ = {isa = PBXBuildFile; fileRef = OBJ_14 /* CorrelationVectorExtensions.swift */; };
		OBJ_48 /* CorrelationVectorProtocol.swift in Sources */ = {isa = PBXBuildFile; fileRef = OBJ_15 /* CorrelationVectorProtocol.swift */; };
		OBJ_49 /* CorrelationVectorUtils.swift in Sources */ = {isa = PBXBuildFile; fileRef = OBJ_16 /* CorrelationVectorUtils.swift */; };
		OBJ_50 /* CorrelationVectorV1.swift in Sources */ = {isa = PBXBuildFile; fileRef = OBJ_17 /* CorrelationVectorV1.swift */; };
		OBJ_51 /* CorrelationVectorV2.swift in Sources */ = {isa = PBXBuildFile; fileRef = OBJ_18 /* CorrelationVectorV2.swift */; };
		OBJ_52 /* CorrelationVectorVersion.swift in Sources */ = {isa = PBXBuildFile; fileRef = OBJ_19 /* CorrelationVectorVersion.swift */; };
		OBJ_53 /* SpinParameters.swift in Sources */ = {isa = PBXBuildFile; fileRef = OBJ_20 /* SpinParameters.swift */; };
		OBJ_55 /* CorrelationVectorBindings.framework in Frameworks */ = {isa = PBXBuildFile; fileRef = "CorrelationVector::CorrelationVectorBindings::Product" /* CorrelationVectorBindings.framework */; };
		OBJ_62 /* AtomicHelper.m in Sources */ = {isa = PBXBuildFile; fileRef = OBJ_22 /* AtomicHelper.m */; };
		OBJ_69 /* Package.swift in Sources */ = {isa = PBXBuildFile; fileRef = OBJ_6 /* Package.swift */; };
		OBJ_80 /* CorrelationVectorTests.swift in Sources */ = {isa = PBXBuildFile; fileRef = OBJ_28 /* CorrelationVectorTests.swift */; };
		OBJ_81 /* XCTestManifests.swift in Sources */ = {isa = PBXBuildFile; fileRef = OBJ_29 /* XCTestManifests.swift */; };
		OBJ_83 /* CorrelationVector.framework in Frameworks */ = {isa = PBXBuildFile; fileRef = "CorrelationVector::CorrelationVector::Product" /* CorrelationVector.framework */; };
		OBJ_84 /* CorrelationVectorBindings.framework in Frameworks */ = {isa = PBXBuildFile; fileRef = "CorrelationVector::CorrelationVectorBindings::Product" /* CorrelationVectorBindings.framework */; };
/* End PBXBuildFile section */

/* Begin PBXContainerItemProxy section */
		C20EB66A22CE0E3600A9194B /* PBXContainerItemProxy */ = {
			isa = PBXContainerItemProxy;
			containerPortal = OBJ_1 /* Project object */;
			proxyType = 1;
			remoteGlobalIDString = "CorrelationVector::CorrelationVectorBindings";
			remoteInfo = CorrelationVectorBindings;
		};
		C20EB66B22CE0E3600A9194B /* PBXContainerItemProxy */ = {
			isa = PBXContainerItemProxy;
			containerPortal = OBJ_1 /* Project object */;
			proxyType = 1;
			remoteGlobalIDString = "CorrelationVector::CorrelationVector";
			remoteInfo = CorrelationVector;
		};
		C20EB66C22CE0E3600A9194B /* PBXContainerItemProxy */ = {
			isa = PBXContainerItemProxy;
			containerPortal = OBJ_1 /* Project object */;
			proxyType = 1;
			remoteGlobalIDString = "CorrelationVector::CorrelationVectorBindings";
			remoteInfo = CorrelationVectorBindings;
		};
		C20EB66D22CE0E3800A9194B /* PBXContainerItemProxy */ = {
			isa = PBXContainerItemProxy;
			containerPortal = OBJ_1 /* Project object */;
			proxyType = 1;
			remoteGlobalIDString = "CorrelationVector::CorrelationVectorTests";
			remoteInfo = CorrelationVectorTests;
		};
/* End PBXContainerItemProxy section */

/* Begin PBXFileReference section */
		C28C769B22CE210C003E574F /* Bindings.xcconfig */ = {isa = PBXFileReference; lastKnownFileType = text.xcconfig; name = Bindings.xcconfig; path = Configs/Bindings.xcconfig; sourceTree = "<group>"; };
		"CorrelationVector::CorrelationVector::Product" /* CorrelationVector.framework */ = {isa = PBXFileReference; explicitFileType = wrapper.framework; path = CorrelationVector.framework; sourceTree = BUILT_PRODUCTS_DIR; };
		"CorrelationVector::CorrelationVectorBindings::Product" /* CorrelationVectorBindings.framework */ = {isa = PBXFileReference; explicitFileType = wrapper.framework; path = CorrelationVectorBindings.framework; sourceTree = BUILT_PRODUCTS_DIR; };
		"CorrelationVector::CorrelationVectorTests::Product" /* CorrelationVectorTests.xctest */ = {isa = PBXFileReference; explicitFileType = wrapper.cfbundle; path = CorrelationVectorTests.xctest; sourceTree = BUILT_PRODUCTS_DIR; };
		OBJ_11 /* CorrelationVector.swift */ = {isa = PBXFileReference; lastKnownFileType = sourcecode.swift; path = CorrelationVector.swift; sourceTree = "<group>"; };
		OBJ_12 /* CorrelationVectorBase.swift */ = {isa = PBXFileReference; lastKnownFileType = sourcecode.swift; path = CorrelationVectorBase.swift; sourceTree = "<group>"; };
		OBJ_13 /* CorrelationVectorError.swift */ = {isa = PBXFileReference; lastKnownFileType = sourcecode.swift; path = CorrelationVectorError.swift; sourceTree = "<group>"; };
		OBJ_14 /* CorrelationVectorExtensions.swift */ = {isa = PBXFileReference; lastKnownFileType = sourcecode.swift; path = CorrelationVectorExtensions.swift; sourceTree = "<group>"; };
		OBJ_15 /* CorrelationVectorProtocol.swift */ = {isa = PBXFileReference; lastKnownFileType = sourcecode.swift; path = CorrelationVectorProtocol.swift; sourceTree = "<group>"; };
		OBJ_16 /* CorrelationVectorUtils.swift */ = {isa = PBXFileReference; lastKnownFileType = sourcecode.swift; path = CorrelationVectorUtils.swift; sourceTree = "<group>"; };
		OBJ_17 /* CorrelationVectorV1.swift */ = {isa = PBXFileReference; lastKnownFileType = sourcecode.swift; path = CorrelationVectorV1.swift; sourceTree = "<group>"; };
		OBJ_18 /* CorrelationVectorV2.swift */ = {isa = PBXFileReference; lastKnownFileType = sourcecode.swift; path = CorrelationVectorV2.swift; sourceTree = "<group>"; };
		OBJ_19 /* CorrelationVectorVersion.swift */ = {isa = PBXFileReference; lastKnownFileType = sourcecode.swift; path = CorrelationVectorVersion.swift; sourceTree = "<group>"; };
		OBJ_20 /* SpinParameters.swift */ = {isa = PBXFileReference; lastKnownFileType = sourcecode.swift; path = SpinParameters.swift; sourceTree = "<group>"; };
		OBJ_22 /* AtomicHelper.m */ = {isa = PBXFileReference; lastKnownFileType = sourcecode.c.objc; path = AtomicHelper.m; sourceTree = "<group>"; };
		OBJ_24 /* AtomicHelper.h */ = {isa = PBXFileReference; lastKnownFileType = sourcecode.c.h; path = AtomicHelper.h; sourceTree = "<group>"; };
		OBJ_25 /* module.modulemap */ = {isa = PBXFileReference; lastKnownFileType = "sourcecode.module-map"; path = module.modulemap; sourceTree = "<group>"; };
		OBJ_28 /* CorrelationVectorTests.swift */ = {isa = PBXFileReference; lastKnownFileType = sourcecode.swift; path = CorrelationVectorTests.swift; sourceTree = "<group>"; };
		OBJ_29 /* XCTestManifests.swift */ = {isa = PBXFileReference; lastKnownFileType = sourcecode.swift; path = XCTestManifests.swift; sourceTree = "<group>"; };
		OBJ_35 /* Scripts */ = {isa = PBXFileReference; lastKnownFileType = folder; path = Scripts; sourceTree = SOURCE_ROOT; };
		OBJ_36 /* LICENSE */ = {isa = PBXFileReference; lastKnownFileType = text; path = LICENSE; sourceTree = "<group>"; };
		OBJ_37 /* LICENSE-CODE */ = {isa = PBXFileReference; lastKnownFileType = text; path = "LICENSE-CODE"; sourceTree = "<group>"; };
		OBJ_38 /* README.md */ = {isa = PBXFileReference; lastKnownFileType = net.daringfireball.markdown; path = README.md; sourceTree = "<group>"; };
		OBJ_6 /* Package.swift */ = {isa = PBXFileReference; explicitFileType = sourcecode.swift; path = Package.swift; sourceTree = "<group>"; };
		OBJ_8 /* Global.xcconfig */ = {isa = PBXFileReference; lastKnownFileType = text.xcconfig; name = Global.xcconfig; path = Configs/Global.xcconfig; sourceTree = "<group>"; };
/* End PBXFileReference section */

/* Begin PBXFrameworksBuildPhase section */
		OBJ_54 /* Frameworks */ = {
			isa = PBXFrameworksBuildPhase;
			buildActionMask = 0;
			files = (
				OBJ_55 /* CorrelationVectorBindings.framework in Frameworks */,
			);
			runOnlyForDeploymentPostprocessing = 0;
		};
		OBJ_63 /* Frameworks */ = {
			isa = PBXFrameworksBuildPhase;
			buildActionMask = 0;
			files = (
			);
			runOnlyForDeploymentPostprocessing = 0;
		};
		OBJ_82 /* Frameworks */ = {
			isa = PBXFrameworksBuildPhase;
			buildActionMask = 0;
			files = (
				OBJ_83 /* CorrelationVector.framework in Frameworks */,
				OBJ_84 /* CorrelationVectorBindings.framework in Frameworks */,
			);
			runOnlyForDeploymentPostprocessing = 0;
		};
/* End PBXFrameworksBuildPhase section */

/* Begin PBXGroup section */
		OBJ_10 /* CorrelationVector */ = {
			isa = PBXGroup;
			children = (
				OBJ_11 /* CorrelationVector.swift */,
				OBJ_12 /* CorrelationVectorBase.swift */,
				OBJ_13 /* CorrelationVectorError.swift */,
				OBJ_14 /* CorrelationVectorExtensions.swift */,
				OBJ_15 /* CorrelationVectorProtocol.swift */,
				OBJ_16 /* CorrelationVectorUtils.swift */,
				OBJ_17 /* CorrelationVectorV1.swift */,
				OBJ_18 /* CorrelationVectorV2.swift */,
				OBJ_19 /* CorrelationVectorVersion.swift */,
				OBJ_20 /* SpinParameters.swift */,
			);
			name = CorrelationVector;
			path = Sources/CorrelationVector;
			sourceTree = SOURCE_ROOT;
		};
		OBJ_21 /* CorrelationVectorBindings */ = {
			isa = PBXGroup;
			children = (
				OBJ_22 /* AtomicHelper.m */,
				OBJ_23 /* include */,
			);
			name = CorrelationVectorBindings;
			path = Sources/CorrelationVectorBindings;
			sourceTree = SOURCE_ROOT;
		};
		OBJ_23 /* include */ = {
			isa = PBXGroup;
			children = (
				OBJ_24 /* AtomicHelper.h */,
				OBJ_25 /* module.modulemap */,
			);
			path = include;
			sourceTree = "<group>";
		};
		OBJ_26 /* Tests */ = {
			isa = PBXGroup;
			children = (
				OBJ_27 /* CorrelationVectorTests */,
			);
			name = Tests;
			sourceTree = SOURCE_ROOT;
		};
		OBJ_27 /* CorrelationVectorTests */ = {
			isa = PBXGroup;
			children = (
				OBJ_28 /* CorrelationVectorTests.swift */,
				OBJ_29 /* XCTestManifests.swift */,
			);
			name = CorrelationVectorTests;
			path = Tests/CorrelationVectorTests;
			sourceTree = SOURCE_ROOT;
		};
		OBJ_30 /* Products */ = {
			isa = PBXGroup;
			children = (
				"CorrelationVector::CorrelationVectorBindings::Product" /* CorrelationVectorBindings.framework */,
				"CorrelationVector::CorrelationVectorTests::Product" /* CorrelationVectorTests.xctest */,
				"CorrelationVector::CorrelationVector::Product" /* CorrelationVector.framework */,
			);
			name = Products;
			sourceTree = BUILT_PRODUCTS_DIR;
		};
		OBJ_5 = {
			isa = PBXGroup;
			children = (
				OBJ_6 /* Package.swift */,
				OBJ_7 /* Configs */,
				OBJ_9 /* Sources */,
				OBJ_26 /* Tests */,
				OBJ_30 /* Products */,
				OBJ_35 /* Scripts */,
				OBJ_36 /* LICENSE */,
				OBJ_37 /* LICENSE-CODE */,
				OBJ_38 /* README.md */,
			);
			sourceTree = "<group>";
		};
		OBJ_7 /* Configs */ = {
			isa = PBXGroup;
			children = (
				C28C769B22CE210C003E574F /* Bindings.xcconfig */,
				OBJ_8 /* Global.xcconfig */,
			);
			name = Configs;
			sourceTree = "<group>";
		};
		OBJ_9 /* Sources */ = {
			isa = PBXGroup;
			children = (
				OBJ_10 /* CorrelationVector */,
				OBJ_21 /* CorrelationVectorBindings */,
			);
			name = Sources;
			sourceTree = SOURCE_ROOT;
		};
/* End PBXGroup section */

/* Begin PBXHeadersBuildPhase section */
		C20EB66E22CE175600A9194B /* Headers */ = {
			isa = PBXHeadersBuildPhase;
			buildActionMask = 2147483647;
			files = (
				C28C769A22CE177C003E574F /* AtomicHelper.h in Headers */,
			);
			runOnlyForDeploymentPostprocessing = 0;
		};
/* End PBXHeadersBuildPhase section */

/* Begin PBXNativeTarget section */
		"CorrelationVector::CorrelationVector" /* CorrelationVector */ = {
			isa = PBXNativeTarget;
			buildConfigurationList = OBJ_40 /* Build configuration list for PBXNativeTarget "CorrelationVector" */;
			buildPhases = (
				C28C769C22CE226B003E574F /* Verify no buildSettings */,
				OBJ_43 /* Sources */,
				OBJ_54 /* Frameworks */,
			);
			buildRules = (
			);
			dependencies = (
				OBJ_56 /* PBXTargetDependency */,
			);
			name = CorrelationVector;
			productName = CorrelationVector;
			productReference = "CorrelationVector::CorrelationVector::Product" /* CorrelationVector.framework */;
			productType = "com.apple.product-type.framework";
		};
		"CorrelationVector::CorrelationVectorBindings" /* CorrelationVectorBindings */ = {
			isa = PBXNativeTarget;
			buildConfigurationList = OBJ_58 /* Build configuration list for PBXNativeTarget "CorrelationVectorBindings" */;
			buildPhases = (
				C20EB66E22CE175600A9194B /* Headers */,
				OBJ_61 /* Sources */,
				OBJ_63 /* Frameworks */,
			);
			buildRules = (
			);
			dependencies = (
			);
			name = CorrelationVectorBindings;
			productName = CorrelationVectorBindings;
			productReference = "CorrelationVector::CorrelationVectorBindings::Product" /* CorrelationVectorBindings.framework */;
			productType = "com.apple.product-type.framework";
		};
		"CorrelationVector::CorrelationVectorTests" /* CorrelationVectorTests */ = {
			isa = PBXNativeTarget;
			buildConfigurationList = OBJ_76 /* Build configuration list for PBXNativeTarget "CorrelationVectorTests" */;
			buildPhases = (
				OBJ_79 /* Sources */,
				OBJ_82 /* Frameworks */,
			);
			buildRules = (
			);
			dependencies = (
				OBJ_85 /* PBXTargetDependency */,
				OBJ_86 /* PBXTargetDependency */,
			);
			name = CorrelationVectorTests;
			productName = CorrelationVectorTests;
			productReference = "CorrelationVector::CorrelationVectorTests::Product" /* CorrelationVectorTests.xctest */;
			productType = "com.apple.product-type.bundle.unit-test";
		};
		"CorrelationVector::SwiftPMPackageDescription" /* CorrelationVectorPackageDescription */ = {
			isa = PBXNativeTarget;
			buildConfigurationList = OBJ_65 /* Build configuration list for PBXNativeTarget "CorrelationVectorPackageDescription" */;
			buildPhases = (
				OBJ_68 /* Sources */,
			);
			buildRules = (
			);
			dependencies = (
			);
			name = CorrelationVectorPackageDescription;
			productName = CorrelationVectorPackageDescription;
			productType = "com.apple.product-type.framework";
		};
/* End PBXNativeTarget section */

/* Begin PBXProject section */
		OBJ_1 /* Project object */ = {
			isa = PBXProject;
			attributes = {
				LastSwiftMigration = 9999;
				LastUpgradeCheck = 9999;
			};
			buildConfigurationList = OBJ_2 /* Build configuration list for PBXProject "CorrelationVector" */;
			compatibilityVersion = "Xcode 3.2";
			developmentRegion = English;
			hasScannedForEncodings = 0;
			knownRegions = (
				English,
				en,
			);
			mainGroup = OBJ_5;
			productRefGroup = OBJ_30 /* Products */;
			projectDirPath = "";
			projectRoot = "";
			targets = (
				"CorrelationVector::CorrelationVector" /* CorrelationVector */,
				"CorrelationVector::CorrelationVectorBindings" /* CorrelationVectorBindings */,
				"CorrelationVector::SwiftPMPackageDescription" /* CorrelationVectorPackageDescription */,
				"CorrelationVector::CorrelationVectorPackageTests::ProductTarget" /* CorrelationVectorPackageTests */,
				"CorrelationVector::CorrelationVectorTests" /* CorrelationVectorTests */,
			);
		};
/* End PBXProject section */

/* Begin PBXShellScriptBuildPhase section */
		C28C769C22CE226B003E574F /* Verify no buildSettings */ = {
			isa = PBXShellScriptBuildPhase;
			buildActionMask = 2147483647;
			files = (
			);
			inputFileListPaths = (
			);
			inputPaths = (
			);
			name = "Verify no buildSettings";
			outputFileListPaths = (
			);
			outputPaths = (
			);
			runOnlyForDeploymentPostprocessing = 0;
			shellPath = /bin/sh;
			shellScript = "\"${SRCROOT}/Scripts/VerifyNoBuildSettings.swift\" ${PROJECT_NAME}.xcodeproj/project.pbxproj\n";
			showEnvVarsInLog = 0;
		};
/* End PBXShellScriptBuildPhase section */

/* Begin PBXSourcesBuildPhase section */
		OBJ_43 /* Sources */ = {
			isa = PBXSourcesBuildPhase;
			buildActionMask = 0;
			files = (
				OBJ_44 /* CorrelationVector.swift in Sources */,
				OBJ_45 /* CorrelationVectorBase.swift in Sources */,
				OBJ_46 /* CorrelationVectorError.swift in Sources */,
				OBJ_47 /* CorrelationVectorExtensions.swift in Sources */,
				OBJ_48 /* CorrelationVectorProtocol.swift in Sources */,
				OBJ_49 /* CorrelationVectorUtils.swift in Sources */,
				OBJ_50 /* CorrelationVectorV1.swift in Sources */,
				OBJ_51 /* CorrelationVectorV2.swift in Sources */,
				OBJ_52 /* CorrelationVectorVersion.swift in Sources */,
				OBJ_53 /* SpinParameters.swift in Sources */,
			);
			runOnlyForDeploymentPostprocessing = 0;
		};
		OBJ_61 /* Sources */ = {
			isa = PBXSourcesBuildPhase;
			buildActionMask = 0;
			files = (
				OBJ_62 /* AtomicHelper.m in Sources */,
			);
			runOnlyForDeploymentPostprocessing = 0;
		};
		OBJ_68 /* Sources */ = {
			isa = PBXSourcesBuildPhase;
			buildActionMask = 0;
			files = (
				OBJ_69 /* Package.swift in Sources */,
			);
			runOnlyForDeploymentPostprocessing = 0;
		};
		OBJ_79 /* Sources */ = {
			isa = PBXSourcesBuildPhase;
			buildActionMask = 0;
			files = (
				OBJ_80 /* CorrelationVectorTests.swift in Sources */,
				OBJ_81 /* XCTestManifests.swift in Sources */,
			);
			runOnlyForDeploymentPostprocessing = 0;
		};
/* End PBXSourcesBuildPhase section */

/* Begin PBXTargetDependency section */
		OBJ_56 /* PBXTargetDependency */ = {
			isa = PBXTargetDependency;
			target = "CorrelationVector::CorrelationVectorBindings" /* CorrelationVectorBindings */;
			targetProxy = C20EB66A22CE0E3600A9194B /* PBXContainerItemProxy */;
		};
		OBJ_74 /* PBXTargetDependency */ = {
			isa = PBXTargetDependency;
			target = "CorrelationVector::CorrelationVectorTests" /* CorrelationVectorTests */;
			targetProxy = C20EB66D22CE0E3800A9194B /* PBXContainerItemProxy */;
		};
		OBJ_85 /* PBXTargetDependency */ = {
			isa = PBXTargetDependency;
			target = "CorrelationVector::CorrelationVector" /* CorrelationVector */;
			targetProxy = C20EB66B22CE0E3600A9194B /* PBXContainerItemProxy */;
		};
		OBJ_86 /* PBXTargetDependency */ = {
			isa = PBXTargetDependency;
			target = "CorrelationVector::CorrelationVectorBindings" /* CorrelationVectorBindings */;
			targetProxy = C20EB66C22CE0E3600A9194B /* PBXContainerItemProxy */;
		};
/* End PBXTargetDependency section */

/* Begin XCBuildConfiguration section */
		OBJ_3 /* Debug */ = {
			isa = XCBuildConfiguration;
			baseConfigurationReference = OBJ_8 /* Global.xcconfig */;
			buildSettings = {
			};
			name = Debug;
		};
		OBJ_4 /* Release */ = {
			isa = XCBuildConfiguration;
			baseConfigurationReference = OBJ_8 /* Global.xcconfig */;
			buildSettings = {
			};
			name = Release;
		};
		OBJ_41 /* Debug */ = {
			isa = XCBuildConfiguration;
			buildSettings = {
				INFOPLIST_FILE = CorrelationVector.xcodeproj/CorrelationVector_Info.plist;
			};
			name = Debug;
		};
		OBJ_42 /* Release */ = {
			isa = XCBuildConfiguration;
			buildSettings = {
				INFOPLIST_FILE = CorrelationVector.xcodeproj/CorrelationVector_Info.plist;
			};
			name = Release;
		};
		OBJ_59 /* Debug */ = {
			isa = XCBuildConfiguration;
			baseConfigurationReference = C28C769B22CE210C003E574F /* Bindings.xcconfig */;
			buildSettings = {
				INFOPLIST_FILE = CorrelationVector.xcodeproj/CorrelationVectorBindings_Info.plist;
			};
			name = Debug;
		};
		OBJ_60 /* Release */ = {
			isa = XCBuildConfiguration;
			baseConfigurationReference = C28C769B22CE210C003E574F /* Bindings.xcconfig */;
			buildSettings = {
				INFOPLIST_FILE = CorrelationVector.xcodeproj/CorrelationVectorBindings_Info.plist;
			};
			name = Release;
		};
		OBJ_66 /* Debug */ = {
			isa = XCBuildConfiguration;
			buildSettings = {
			};
			name = Debug;
		};
		OBJ_67 /* Release */ = {
			isa = XCBuildConfiguration;
			buildSettings = {
			};
			name = Release;
		};
		OBJ_72 /* Debug */ = {
			isa = XCBuildConfiguration;
			buildSettings = {
			};
			name = Debug;
		};
		OBJ_73 /* Release */ = {
			isa = XCBuildConfiguration;
			buildSettings = {
			};
			name = Release;
		};
		OBJ_77 /* Debug */ = {
			isa = XCBuildConfiguration;
			buildSettings = {
				INFOPLIST_FILE = CorrelationVector.xcodeproj/CorrelationVectorTests_Info.plist;
			};
			name = Debug;
		};
		OBJ_78 /* Release */ = {
			isa = XCBuildConfiguration;
			buildSettings = {
				INFOPLIST_FILE = CorrelationVector.xcodeproj/CorrelationVectorTests_Info.plist;
			};
			name = Release;
		};
/* End XCBuildConfiguration section */

/* Begin XCConfigurationList section */
		OBJ_2 /* Build configuration list for PBXProject "CorrelationVector" */ = {
			isa = XCConfigurationList;
			buildConfigurations = (
				OBJ_3 /* Debug */,
				OBJ_4 /* Release */,
			);
			defaultConfigurationIsVisible = 0;
			defaultConfigurationName = Release;
		};
		OBJ_40 /* Build configuration list for PBXNativeTarget "CorrelationVector" */ = {
			isa = XCConfigurationList;
			buildConfigurations = (
				OBJ_41 /* Debug */,
				OBJ_42 /* Release */,
			);
			defaultConfigurationIsVisible = 0;
			defaultConfigurationName = Release;
		};
		OBJ_58 /* Build configuration list for PBXNativeTarget "CorrelationVectorBindings" */ = {
			isa = XCConfigurationList;
			buildConfigurations = (
				OBJ_59 /* Debug */,
				OBJ_60 /* Release */,
			);
			defaultConfigurationIsVisible = 0;
			defaultConfigurationName = Release;
		};
		OBJ_65 /* Build configuration list for PBXNativeTarget "CorrelationVectorPackageDescription" */ = {
			isa = XCConfigurationList;
			buildConfigurations = (
				OBJ_66 /* Debug */,
				OBJ_67 /* Release */,
			);
			defaultConfigurationIsVisible = 0;
			defaultConfigurationName = Release;
		};
		OBJ_71 /* Build configuration list for PBXAggregateTarget "CorrelationVectorPackageTests" */ = {
			isa = XCConfigurationList;
			buildConfigurations = (
				OBJ_72 /* Debug */,
				OBJ_73 /* Release */,
			);
			defaultConfigurationIsVisible = 0;
			defaultConfigurationName = Release;
		};
		OBJ_76 /* Build configuration list for PBXNativeTarget "CorrelationVectorTests" */ = {
			isa = XCConfigurationList;
			buildConfigurations = (
				OBJ_77 /* Debug */,
				OBJ_78 /* Release */,
			);
			defaultConfigurationIsVisible = 0;
			defaultConfigurationName = Release;
		};
/* End XCConfigurationList section */
	};
	rootObject = OBJ_1 /* Project object */;
}
