// !$*UTF8*$!
{
	archiveVersion = 1;
	classes = {
	};
	objectVersion = 46;
	objects = {

/* Begin PBXAggregateTarget section */
		"CorrelationVector::CorrelationVectorPackageTests::ProductTarget" /* CorrelationVectorPackageTests */ = {
			isa = PBXAggregateTarget;
			buildConfigurationList = OBJ_34 /* Build configuration list for PBXAggregateTarget "CorrelationVectorPackageTests" */;
			buildPhases = (
			);
			dependencies = (
				OBJ_37 /* PBXTargetDependency */,
			);
			name = CorrelationVectorPackageTests;
			productName = CorrelationVectorPackageTests;
		};
/* End PBXAggregateTarget section */

/* Begin PBXBuildFile section */
		C2D482EF22C4B8950075F09B /* CorrelationVectorProtocol.swift in Sources */ = {isa = PBXBuildFile; fileRef = C2D482EE22C4B8950075F09B /* CorrelationVectorProtocol.swift */; };
		C2D482F122C4BC0C0075F09B /* CorrelationVectorVersion.swift in Sources */ = {isa = PBXBuildFile; fileRef = C2D482F022C4BC0C0075F09B /* CorrelationVectorVersion.swift */; };
		C2D482F322C4BF090075F09B /* CorrelationVectorV1.swift in Sources */ = {isa = PBXBuildFile; fileRef = C2D482F222C4BF090075F09B /* CorrelationVectorV1.swift */; };
		C2D482F522C4BF160075F09B /* CorrelationVectorV2.swift in Sources */ = {isa = PBXBuildFile; fileRef = C2D482F422C4BF160075F09B /* CorrelationVectorV2.swift */; };
		C2D482FB22C507770075F09B /* CorrelationVectorBase.swift in Sources */ = {isa = PBXBuildFile; fileRef = C2D482FA22C507770075F09B /* CorrelationVectorBase.swift */; };
		C2D482FD22C51DD70075F09B /* SpinParameters.swift in Sources */ = {isa = PBXBuildFile; fileRef = C2D482FC22C51DD70075F09B /* SpinParameters.swift */; };
		OBJ_25 /* CorrelationVector.swift in Sources */ = {isa = PBXBuildFile; fileRef = OBJ_9 /* CorrelationVector.swift */; };
		OBJ_32 /* Package.swift in Sources */ = {isa = PBXBuildFile; fileRef = OBJ_6 /* Package.swift */; };
		OBJ_43 /* CorrelationVectorTests.swift in Sources */ = {isa = PBXBuildFile; fileRef = OBJ_12 /* CorrelationVectorTests.swift */; };
		OBJ_44 /* XCTestManifests.swift in Sources */ = {isa = PBXBuildFile; fileRef = OBJ_13 /* XCTestManifests.swift */; };
		OBJ_46 /* CorrelationVector.framework in Frameworks */ = {isa = PBXBuildFile; fileRef = "CorrelationVector::CorrelationVector::Product" /* CorrelationVector.framework */; };
/* End PBXBuildFile section */

/* Begin PBXContainerItemProxy section */
		C2D482EC22C4A0320075F09B /* PBXContainerItemProxy */ = {
			isa = PBXContainerItemProxy;
			containerPortal = OBJ_1 /* Project object */;
			proxyType = 1;
			remoteGlobalIDString = "CorrelationVector::CorrelationVector";
			remoteInfo = CorrelationVector;
		};
		C2D482ED22C4A0340075F09B /* PBXContainerItemProxy */ = {
			isa = PBXContainerItemProxy;
			containerPortal = OBJ_1 /* Project object */;
			proxyType = 1;
			remoteGlobalIDString = "CorrelationVector::CorrelationVectorTests";
			remoteInfo = CorrelationVectorTests;
		};
/* End PBXContainerItemProxy section */

/* Begin PBXFileReference section */
		04DF819222C605DF00308915 /* Global.xcconfig */ = {isa = PBXFileReference; fileEncoding = 4; lastKnownFileType = text.xcconfig; path = Global.xcconfig; sourceTree = "<group>"; };
		C2427FFD22C6250100778CD5 /* VerifyNoBuildSettings.swift */ = {isa = PBXFileReference; lastKnownFileType = sourcecode.swift; path = VerifyNoBuildSettings.swift; sourceTree = "<group>"; };
		C2D482EE22C4B8950075F09B /* CorrelationVectorProtocol.swift */ = {isa = PBXFileReference; lastKnownFileType = sourcecode.swift; path = CorrelationVectorProtocol.swift; sourceTree = "<group>"; };
		C2D482F022C4BC0C0075F09B /* CorrelationVectorVersion.swift */ = {isa = PBXFileReference; lastKnownFileType = sourcecode.swift; path = CorrelationVectorVersion.swift; sourceTree = "<group>"; };
		C2D482F222C4BF090075F09B /* CorrelationVectorV1.swift */ = {isa = PBXFileReference; lastKnownFileType = sourcecode.swift; path = CorrelationVectorV1.swift; sourceTree = "<group>"; };
		C2D482F422C4BF160075F09B /* CorrelationVectorV2.swift */ = {isa = PBXFileReference; lastKnownFileType = sourcecode.swift; path = CorrelationVectorV2.swift; sourceTree = "<group>"; };
		C2D482FA22C507770075F09B /* CorrelationVectorBase.swift */ = {isa = PBXFileReference; lastKnownFileType = sourcecode.swift; path = CorrelationVectorBase.swift; sourceTree = "<group>"; };
		C2D482FC22C51DD70075F09B /* SpinParameters.swift */ = {isa = PBXFileReference; lastKnownFileType = sourcecode.swift; path = SpinParameters.swift; sourceTree = "<group>"; };
		"CorrelationVector::CorrelationVector::Product" /* CorrelationVector.framework */ = {isa = PBXFileReference; explicitFileType = wrapper.framework; path = CorrelationVector.framework; sourceTree = BUILT_PRODUCTS_DIR; };
		"CorrelationVector::CorrelationVectorTests::Product" /* CorrelationVectorTests.xctest */ = {isa = PBXFileReference; explicitFileType = wrapper.cfbundle; path = CorrelationVectorTests.xctest; sourceTree = BUILT_PRODUCTS_DIR; };
		OBJ_12 /* CorrelationVectorTests.swift */ = {isa = PBXFileReference; lastKnownFileType = sourcecode.swift; path = CorrelationVectorTests.swift; sourceTree = "<group>"; };
		OBJ_13 /* XCTestManifests.swift */ = {isa = PBXFileReference; lastKnownFileType = sourcecode.swift; path = XCTestManifests.swift; sourceTree = "<group>"; };
		OBJ_17 /* LICENSE */ = {isa = PBXFileReference; lastKnownFileType = text; path = LICENSE; sourceTree = "<group>"; };
		OBJ_18 /* LICENSE-CODE */ = {isa = PBXFileReference; lastKnownFileType = text; path = "LICENSE-CODE"; sourceTree = "<group>"; };
		OBJ_19 /* README.md */ = {isa = PBXFileReference; lastKnownFileType = net.daringfireball.markdown; path = README.md; sourceTree = "<group>"; };
		OBJ_6 /* Package.swift */ = {isa = PBXFileReference; explicitFileType = sourcecode.swift; path = Package.swift; sourceTree = "<group>"; };
		OBJ_9 /* CorrelationVector.swift */ = {isa = PBXFileReference; lastKnownFileType = sourcecode.swift; path = CorrelationVector.swift; sourceTree = "<group>"; };
/* End PBXFileReference section */

/* Begin PBXFrameworksBuildPhase section */
		OBJ_26 /* Frameworks */ = {
			isa = PBXFrameworksBuildPhase;
			buildActionMask = 0;
			files = (
			);
			runOnlyForDeploymentPostprocessing = 0;
		};
		OBJ_45 /* Frameworks */ = {
			isa = PBXFrameworksBuildPhase;
			buildActionMask = 0;
			files = (
				OBJ_46 /* CorrelationVector.framework in Frameworks */,
			);
			runOnlyForDeploymentPostprocessing = 0;
		};
/* End PBXFrameworksBuildPhase section */

/* Begin PBXGroup section */
		C2427FFA22C61F8300778CD5 /* Configs */ = {
			isa = PBXGroup;
			children = (
				04DF819222C605DF00308915 /* Global.xcconfig */,
			);
			path = Configs;
			sourceTree = "<group>";
		};
		C2427FFC22C6250100778CD5 /* Scripts */ = {
			isa = PBXGroup;
			children = (
				C2427FFD22C6250100778CD5 /* VerifyNoBuildSettings.swift */,
			);
			path = Scripts;
			sourceTree = "<group>";
		};
		OBJ_10 /* Tests */ = {
			isa = PBXGroup;
			children = (
				OBJ_11 /* CorrelationVectorTests */,
			);
			name = Tests;
			sourceTree = SOURCE_ROOT;
		};
		OBJ_11 /* CorrelationVectorTests */ = {
			isa = PBXGroup;
			children = (
				OBJ_12 /* CorrelationVectorTests.swift */,
				OBJ_13 /* XCTestManifests.swift */,
			);
			name = CorrelationVectorTests;
			path = Tests/CorrelationVectorTests;
			sourceTree = SOURCE_ROOT;
		};
		OBJ_14 /* Products */ = {
			isa = PBXGroup;
			children = (
				"CorrelationVector::CorrelationVector::Product" /* CorrelationVector.framework */,
				"CorrelationVector::CorrelationVectorTests::Product" /* CorrelationVectorTests.xctest */,
			);
			name = Products;
			sourceTree = BUILT_PRODUCTS_DIR;
		};
		OBJ_5 = {
			isa = PBXGroup;
			children = (
				OBJ_17 /* LICENSE */,
				OBJ_18 /* LICENSE-CODE */,
				OBJ_19 /* README.md */,
				OBJ_6 /* Package.swift */,
				C2427FFA22C61F8300778CD5 /* Configs */,
				OBJ_14 /* Products */,
				C2427FFC22C6250100778CD5 /* Scripts */,
				OBJ_7 /* Sources */,
				OBJ_10 /* Tests */,
			);
			sourceTree = "<group>";
		};
		OBJ_7 /* Sources */ = {
			isa = PBXGroup;
			children = (
				OBJ_8 /* CorrelationVector */,
			);
			name = Sources;
			sourceTree = SOURCE_ROOT;
		};
		OBJ_8 /* CorrelationVector */ = {
			isa = PBXGroup;
			children = (
				OBJ_9 /* CorrelationVector.swift */,
				C2D482FA22C507770075F09B /* CorrelationVectorBase.swift */,
				C2D482EE22C4B8950075F09B /* CorrelationVectorProtocol.swift */,
				C2D482F222C4BF090075F09B /* CorrelationVectorV1.swift */,
				C2D482F422C4BF160075F09B /* CorrelationVectorV2.swift */,
				C2D482F022C4BC0C0075F09B /* CorrelationVectorVersion.swift */,
				C2D482FC22C51DD70075F09B /* SpinParameters.swift */,
			);
			name = CorrelationVector;
			path = Sources/CorrelationVector;
			sourceTree = SOURCE_ROOT;
		};
/* End PBXGroup section */

/* Begin PBXNativeTarget section */
		"CorrelationVector::CorrelationVector" /* CorrelationVector */ = {
			isa = PBXNativeTarget;
			buildConfigurationList = OBJ_21 /* Build configuration list for PBXNativeTarget "CorrelationVector" */;
			buildPhases = (
				0401AF6C22C51765001349E5 /* Verify no buildSettings */,
				OBJ_24 /* Sources */,
				OBJ_26 /* Frameworks */,
			);
			buildRules = (
			);
			dependencies = (
			);
			name = CorrelationVector;
			productName = CorrelationVector;
			productReference = "CorrelationVector::CorrelationVector::Product" /* CorrelationVector.framework */;
			productType = "com.apple.product-type.framework";
		};
		"CorrelationVector::CorrelationVectorTests" /* CorrelationVectorTests */ = {
			isa = PBXNativeTarget;
			buildConfigurationList = OBJ_39 /* Build configuration list for PBXNativeTarget "CorrelationVectorTests" */;
			buildPhases = (
				OBJ_42 /* Sources */,
				OBJ_45 /* Frameworks */,
			);
			buildRules = (
			);
			dependencies = (
				OBJ_47 /* PBXTargetDependency */,
			);
			name = CorrelationVectorTests;
			productName = CorrelationVectorTests;
			productReference = "CorrelationVector::CorrelationVectorTests::Product" /* CorrelationVectorTests.xctest */;
			productType = "com.apple.product-type.bundle.unit-test";
		};
		"CorrelationVector::SwiftPMPackageDescription" /* CorrelationVectorPackageDescription */ = {
			isa = PBXNativeTarget;
			buildConfigurationList = OBJ_28 /* Build configuration list for PBXNativeTarget "CorrelationVectorPackageDescription" */;
			buildPhases = (
				OBJ_31 /* Sources */,
			);
			buildRules = (
			);
			dependencies = (
			);
			name = CorrelationVectorPackageDescription;
			productName = CorrelationVectorPackageDescription;
			productType = "com.apple.product-type.framework";
		};
/* End PBXNativeTarget section */

/* Begin PBXProject section */
		OBJ_1 /* Project object */ = {
			isa = PBXProject;
			attributes = {
				LastSwiftMigration = 9999;
				LastUpgradeCheck = 9999;
			};
			buildConfigurationList = OBJ_2 /* Build configuration list for PBXProject "CorrelationVector" */;
			compatibilityVersion = "Xcode 3.2";
			developmentRegion = English;
			hasScannedForEncodings = 0;
			knownRegions = (
				English,
				en,
			);
			mainGroup = OBJ_5;
			productRefGroup = OBJ_14 /* Products */;
			projectDirPath = "";
			projectRoot = "";
			targets = (
				"CorrelationVector::CorrelationVector" /* CorrelationVector */,
				"CorrelationVector::SwiftPMPackageDescription" /* CorrelationVectorPackageDescription */,
				"CorrelationVector::CorrelationVectorPackageTests::ProductTarget" /* CorrelationVectorPackageTests */,
				"CorrelationVector::CorrelationVectorTests" /* CorrelationVectorTests */,
			);
		};
/* End PBXProject section */

/* Begin PBXShellScriptBuildPhase section */
		0401AF6C22C51765001349E5 /* Verify no buildSettings */ = {
			isa = PBXShellScriptBuildPhase;
			buildActionMask = 2147483647;
			files = (
			);
			inputFileListPaths = (
			);
			inputPaths = (
			);
			name = "Verify no buildSettings";
			outputFileListPaths = (
			);
			outputPaths = (
			);
			runOnlyForDeploymentPostprocessing = 0;
			shellPath = /bin/sh;
			shellScript = "\"${SRCROOT}/Scripts/VerifyNoBuildSettings.swift\" ${PROJECT_NAME}.xcodeproj/project.pbxproj\n";
			showEnvVarsInLog = 0;
		};
/* End PBXShellScriptBuildPhase section */

/* Begin PBXSourcesBuildPhase section */
		OBJ_24 /* Sources */ = {
			isa = PBXSourcesBuildPhase;
			buildActionMask = 0;
			files = (
				C2D482F322C4BF090075F09B /* CorrelationVectorV1.swift in Sources */,
				C2D482F122C4BC0C0075F09B /* CorrelationVectorVersion.swift in Sources */,
				OBJ_25 /* CorrelationVector.swift in Sources */,
				C2D482F522C4BF160075F09B /* CorrelationVectorV2.swift in Sources */,
				C2D482FD22C51DD70075F09B /* SpinParameters.swift in Sources */,
				C2D482FB22C507770075F09B /* CorrelationVectorBase.swift in Sources */,
				C2D482EF22C4B8950075F09B /* CorrelationVectorProtocol.swift in Sources */,
			);
			runOnlyForDeploymentPostprocessing = 0;
		};
		OBJ_31 /* Sources */ = {
			isa = PBXSourcesBuildPhase;
			buildActionMask = 0;
			files = (
				OBJ_32 /* Package.swift in Sources */,
			);
			runOnlyForDeploymentPostprocessing = 0;
		};
		OBJ_42 /* Sources */ = {
			isa = PBXSourcesBuildPhase;
			buildActionMask = 0;
			files = (
				OBJ_43 /* CorrelationVectorTests.swift in Sources */,
				OBJ_44 /* XCTestManifests.swift in Sources */,
			);
			runOnlyForDeploymentPostprocessing = 0;
		};
/* End PBXSourcesBuildPhase section */

/* Begin PBXTargetDependency section */
		OBJ_37 /* PBXTargetDependency */ = {
			isa = PBXTargetDependency;
			target = "CorrelationVector::CorrelationVectorTests" /* CorrelationVectorTests */;
			targetProxy = C2D482ED22C4A0340075F09B /* PBXContainerItemProxy */;
		};
		OBJ_47 /* PBXTargetDependency */ = {
			isa = PBXTargetDependency;
			target = "CorrelationVector::CorrelationVector" /* CorrelationVector */;
			targetProxy = C2D482EC22C4A0320075F09B /* PBXContainerItemProxy */;
		};
/* End PBXTargetDependency section */

/* Begin XCBuildConfiguration section */
		OBJ_22 /* Debug */ = {
			isa = XCBuildConfiguration;
			buildSettings = {
			};
			name = Debug;
		};
		OBJ_23 /* Release */ = {
			isa = XCBuildConfiguration;
			buildSettings = {
			};
			name = Release;
		};
		OBJ_29 /* Debug */ = {
			isa = XCBuildConfiguration;
			buildSettings = {
			};
			name = Debug;
		};
		OBJ_3 /* Debug */ = {
			isa = XCBuildConfiguration;
			baseConfigurationReference = 04DF819222C605DF00308915 /* Global.xcconfig */;
			buildSettings = {
			};
			name = Debug;
		};
		OBJ_30 /* Release */ = {
			isa = XCBuildConfiguration;
			buildSettings = {
			};
			name = Release;
		};
		OBJ_35 /* Debug */ = {
			isa = XCBuildConfiguration;
			buildSettings = {
			};
			name = Debug;
		};
		OBJ_36 /* Release */ = {
			isa = XCBuildConfiguration;
			buildSettings = {
			};
			name = Release;
		};
		OBJ_4 /* Release */ = {
			isa = XCBuildConfiguration;
			baseConfigurationReference = 04DF819222C605DF00308915 /* Global.xcconfig */;
			buildSettings = {
			};
			name = Release;
		};
		OBJ_40 /* Debug */ = {
			isa = XCBuildConfiguration;
			buildSettings = {
			};
			name = Debug;
		};
		OBJ_41 /* Release */ = {
			isa = XCBuildConfiguration;
			buildSettings = {
			};
			name = Release;
		};
/* End XCBuildConfiguration section */

/* Begin XCConfigurationList section */
		OBJ_2 /* Build configuration list for PBXProject "CorrelationVector" */ = {
			isa = XCConfigurationList;
			buildConfigurations = (
				OBJ_3 /* Debug */,
				OBJ_4 /* Release */,
			);
			defaultConfigurationIsVisible = 0;
			defaultConfigurationName = Release;
		};
		OBJ_21 /* Build configuration list for PBXNativeTarget "CorrelationVector" */ = {
			isa = XCConfigurationList;
			buildConfigurations = (
				OBJ_22 /* Debug */,
				OBJ_23 /* Release */,
			);
			defaultConfigurationIsVisible = 0;
			defaultConfigurationName = Release;
		};
		OBJ_28 /* Build configuration list for PBXNativeTarget "CorrelationVectorPackageDescription" */ = {
			isa = XCConfigurationList;
			buildConfigurations = (
				OBJ_29 /* Debug */,
				OBJ_30 /* Release */,
			);
			defaultConfigurationIsVisible = 0;
			defaultConfigurationName = Release;
		};
		OBJ_34 /* Build configuration list for PBXAggregateTarget "CorrelationVectorPackageTests" */ = {
			isa = XCConfigurationList;
			buildConfigurations = (
				OBJ_35 /* Debug */,
				OBJ_36 /* Release */,
			);
			defaultConfigurationIsVisible = 0;
			defaultConfigurationName = Release;
		};
		OBJ_39 /* Build configuration list for PBXNativeTarget "CorrelationVectorTests" */ = {
			isa = XCConfigurationList;
			buildConfigurations = (
				OBJ_40 /* Debug */,
				OBJ_41 /* Release */,
			);
			defaultConfigurationIsVisible = 0;
			defaultConfigurationName = Release;
		};
/* End XCConfigurationList section */
	};
	rootObject = OBJ_1 /* Project object */;
}
